
Microsoft Visual Studio Solution File, Format Version 12.00
# Visual Studio Version 17
VisualStudioVersion = 17.5.33424.131
MinimumVisualStudioVersion = 10.0.40219.1
Project("{888888A0-9F3D-457C-B088-3A5042F75D52}") = "PythonZadanie2_Clothes", "PythonZadanie2_Clothes.pyproj", "{04266463-87EA-4BAE-822C-930770057650}"
EndProject
Global
	GlobalSection(SolutionConfigurationPlatforms) = preSolution
		Debug|Any CPU = Debug|Any CPU
		Release|Any CPU = Release|Any CPU
	EndGlobalSection
	GlobalSection(ProjectConfigurationPlatforms) = postSolution
		{04266463-87EA-4BAE-822C-930770057650}.Debug|Any CPU.ActiveCfg = Debug|Any CPU
		{04266463-87EA-4BAE-822C-930770057650}.Release|Any CPU.ActiveCfg = Release|Any CPU
	EndGlobalSection
	GlobalSection(SolutionProperties) = preSolution
		HideSolutionNode = FALSE
	EndGlobalSection
	GlobalSection(ExtensibilityGlobals) = postSolution
		SolutionGuid = {2658986E-9BF2-43AA-BC8F-F9A58E25E659}
	EndGlobalSection
EndGlobal
